
Microsoft Visual Studio Solution File, Format Version 12.00
# Visual Studio 2013
VisualStudioVersion = 12.0.31101.0
MinimumVisualStudioVersion = 10.0.40219.1
Project("{8BC9CEB8-8B4A-11D0-8D11-00A0C91BC942}") = "not_using_pch", "not_using_pch\not_using_pch.vcxproj", "{7235A3E8-12D5-4543-B767-DD8803542E0F}"
EndProject
Global
	GlobalSection(SolutionConfigurationPlatforms) = preSolution
		Debug|Win32 = Debug|Win32
		Release|Win32 = Release|Win32
	EndGlobalSection
	GlobalSection(ProjectConfigurationPlatforms) = postSolution
		{7235A3E8-12D5-4543-B767-DD8803542E0F}.Debug|Win32.ActiveCfg = Debug|Win32
		{7235A3E8-12D5-4543-B767-DD8803542E0F}.Debug|Win32.Build.0 = Debug|Win32
		{7235A3E8-12D5-4543-B767-DD8803542E0F}.Release|Win32.ActiveCfg = Release|Win32
		{7235A3E8-12D5-4543-B767-DD8803542E0F}.Release|Win32.Build.0 = Release|Win32
	EndGlobalSection
	GlobalSection(SolutionProperties) = preSolution
		HideSolutionNode = FALSE
	EndGlobalSection
EndGlobal
